{
  "pins" : [
    {
      "identity" : "coregpx",
      "kind" : "remoteSourceControl",
      "location" : "https://github.com/vincentneo/CoreGPX",
      "state" : {
        "revision" : "90dea5dea799e2b3684f5c72f07141d8516ce80b",
        "version" : "0.9.2"
      }
    },
    {
      "identity" : "surge",
      "kind" : "remoteSourceControl",
      "location" : "https://github.com/Jounce/Surge",
      "state" : {
        "revision" : "6e4a47e63da8801afe6188cf039e9f04eb577721",
        "version" : "2.3.2"
      }
    }
  ],
  "version" : 2
}
